
Microsoft Visual Studio Solution File, Format Version 12.00
# Visual Studio Version 17
VisualStudioVersion = 17.13.35825.156 d17.13
MinimumVisualStudioVersion = 10.0.40219.1
Project("{FAE04EC0-301F-11D3-BF4B-00C04F79EFBC}") = "FormBuilder", "FormBuilder\FormBuilder.csproj", "{A541E5B5-43AA-45CF-BD0B-22353BB834B1}"
EndProject
Global
	GlobalSection(SolutionConfigurationPlatforms) = preSolution
		Debug|Any CPU = Debug|Any CPU
		Release|Any CPU = Release|Any CPU
	EndGlobalSection
	GlobalSection(ProjectConfigurationPlatforms) = postSolution
		{A541E5B5-43AA-45CF-BD0B-22353BB834B1}.Debug|Any CPU.ActiveCfg = Debug|Any CPU
		{A541E5B5-43AA-45CF-BD0B-22353BB834B1}.Debug|Any CPU.Build.0 = Debug|Any CPU
		{A541E5B5-43AA-45CF-BD0B-22353BB834B1}.Release|Any CPU.ActiveCfg = Release|Any CPU
		{A541E5B5-43AA-45CF-BD0B-22353BB834B1}.Release|Any CPU.Build.0 = Release|Any CPU
	EndGlobalSection
	GlobalSection(SolutionProperties) = preSolution
		HideSolutionNode = FALSE
	EndGlobalSection
	GlobalSection(ExtensibilityGlobals) = postSolution
		SolutionGuid = {115E6E77-0C36-4FF0-A910-B0C90CDBEF57}
	EndGlobalSection
EndGlobal
